
Microsoft Visual Studio Solution File, Format Version 12.00
# Visual Studio 15
VisualStudioVersion = 15.0.27428.1
MinimumVisualStudioVersion = 10.0.40219.1
Project("{FAE04EC0-301F-11D3-BF4B-00C04F79EFBC}") = "ArduinoToCSHARP-21-mar-2018", "ArduinoToCSHARP-21-mar-2018\ArduinoToCSHARP-21-mar-2018.csproj", "{CC07980A-C5E7-496C-923D-F690C6B2E8C7}"
EndProject
Project("{FAE04EC0-301F-11D3-BF4B-00C04F79EFBC}") = "ÀrduinoConsole", "ÀrduinoConsole\ÀrduinoConsole.csproj", "{F934345E-48F7-4546-B1AB-16D743A60898}"
EndProject
Global
	GlobalSection(SolutionConfigurationPlatforms) = preSolution
		Debug|Any CPU = Debug|Any CPU
		Release|Any CPU = Release|Any CPU
	EndGlobalSection
	GlobalSection(ProjectConfigurationPlatforms) = postSolution
		{CC07980A-C5E7-496C-923D-F690C6B2E8C7}.Debug|Any CPU.ActiveCfg = Debug|Any CPU
		{CC07980A-C5E7-496C-923D-F690C6B2E8C7}.Debug|Any CPU.Build.0 = Debug|Any CPU
		{CC07980A-C5E7-496C-923D-F690C6B2E8C7}.Release|Any CPU.ActiveCfg = Release|Any CPU
		{CC07980A-C5E7-496C-923D-F690C6B2E8C7}.Release|Any CPU.Build.0 = Release|Any CPU
		{F934345E-48F7-4546-B1AB-16D743A60898}.Debug|Any CPU.ActiveCfg = Debug|Any CPU
		{F934345E-48F7-4546-B1AB-16D743A60898}.Debug|Any CPU.Build.0 = Debug|Any CPU
		{F934345E-48F7-4546-B1AB-16D743A60898}.Release|Any CPU.ActiveCfg = Release|Any CPU
		{F934345E-48F7-4546-B1AB-16D743A60898}.Release|Any CPU.Build.0 = Release|Any CPU
	EndGlobalSection
	GlobalSection(SolutionProperties) = preSolution
		HideSolutionNode = FALSE
	EndGlobalSection
	GlobalSection(ExtensibilityGlobals) = postSolution
		SolutionGuid = {2FC1A0B7-85B2-42A4-9AC9-184184D472BF}
	EndGlobalSection
EndGlobal
